{
  "originHash" : "2e236f2ee6fddc2ea0cc1f8e5003a428493cc015348875de5bf98b29772cb8fd",
  "pins" : [
    {
      "identity" : "swift-sdk",
      "kind" : "remoteSourceControl",
      "location" : "https://github.com/descope/swift-sdk",
      "state" : {
        "branch" : "main",
        "revision" : "3d398bed05ab99e41c938775c1b5c5400a7c9f6f"
      }
    }
  ],
  "version" : 3
}
